
Microsoft Visual Studio Solution File, Format Version 12.00
# Visual Studio 15
VisualStudioVersion = 15.0.28307.271
MinimumVisualStudioVersion = 10.0.40219.1
Project("{FAE04EC0-301F-11D3-BF4B-00C04F79EFBC}") = "Aula", "Aula\Aula.csproj", "{9EDF85EB-DA6D-44C1-A212-D3D50725F225}"
EndProject
Global
	GlobalSection(SolutionConfigurationPlatforms) = preSolution
		Debug|Any CPU = Debug|Any CPU
		Release|Any CPU = Release|Any CPU
	EndGlobalSection
	GlobalSection(ProjectConfigurationPlatforms) = postSolution
		{9EDF85EB-DA6D-44C1-A212-D3D50725F225}.Debug|Any CPU.ActiveCfg = Debug|Any CPU
		{9EDF85EB-DA6D-44C1-A212-D3D50725F225}.Debug|Any CPU.Build.0 = Debug|Any CPU
		{9EDF85EB-DA6D-44C1-A212-D3D50725F225}.Release|Any CPU.ActiveCfg = Release|Any CPU
		{9EDF85EB-DA6D-44C1-A212-D3D50725F225}.Release|Any CPU.Build.0 = Release|Any CPU
	EndGlobalSection
	GlobalSection(SolutionProperties) = preSolution
		HideSolutionNode = FALSE
	EndGlobalSection
	GlobalSection(ExtensibilityGlobals) = postSolution
		SolutionGuid = {0C3CB11F-B8ED-4DA8-B194-8FC51C0D0A6C}
	EndGlobalSection
EndGlobal
